
Microsoft Visual Studio Solution File, Format Version 12.00
# Visual Studio Version 17
VisualStudioVersion = 17.3.32804.467
MinimumVisualStudioVersion = 10.0.40219.1
Project("{FAE04EC0-301F-11D3-BF4B-00C04F79EFBC}") = "MockDemo", "MockDemo\MockDemo.csproj", "{6C076B78-60A9-4411-8E90-68C037989C5B}"
EndProject
Project("{FAE04EC0-301F-11D3-BF4B-00C04F79EFBC}") = "MockDemo1", "MockDemo1\MockDemo1.csproj", "{F9274B9D-0FF5-410C-862B-48D1429AFE99}"
EndProject
Global
	GlobalSection(SolutionConfigurationPlatforms) = preSolution
		Debug|Any CPU = Debug|Any CPU
		Release|Any CPU = Release|Any CPU
	EndGlobalSection
	GlobalSection(ProjectConfigurationPlatforms) = postSolution
		{6C076B78-60A9-4411-8E90-68C037989C5B}.Debug|Any CPU.ActiveCfg = Debug|Any CPU
		{6C076B78-60A9-4411-8E90-68C037989C5B}.Debug|Any CPU.Build.0 = Debug|Any CPU
		{6C076B78-60A9-4411-8E90-68C037989C5B}.Release|Any CPU.ActiveCfg = Release|Any CPU
		{6C076B78-60A9-4411-8E90-68C037989C5B}.Release|Any CPU.Build.0 = Release|Any CPU
		{F9274B9D-0FF5-410C-862B-48D1429AFE99}.Debug|Any CPU.ActiveCfg = Debug|Any CPU
		{F9274B9D-0FF5-410C-862B-48D1429AFE99}.Debug|Any CPU.Build.0 = Debug|Any CPU
		{F9274B9D-0FF5-410C-862B-48D1429AFE99}.Release|Any CPU.ActiveCfg = Release|Any CPU
		{F9274B9D-0FF5-410C-862B-48D1429AFE99}.Release|Any CPU.Build.0 = Release|Any CPU
	EndGlobalSection
	GlobalSection(SolutionProperties) = preSolution
		HideSolutionNode = FALSE
	EndGlobalSection
	GlobalSection(ExtensibilityGlobals) = postSolution
		SolutionGuid = {17B56BF8-A553-4F16-9B17-6B63F6E334DA}
	EndGlobalSection
EndGlobal
